// !$*UTF8*$!
{
	archiveVersion = 1;
	classes = {
	};
	objectVersion = 48;
	objects = {

/* Begin PBXBuildFile section */
		68709A0F20988E28009F2DCB /* AppDelegate.swift in Sources */ = {isa = PBXBuildFile; fileRef = 68709A0E20988E28009F2DCB /* AppDelegate.swift */; };
		68709A1120988E28009F2DCB /* ViewController.swift in Sources */ = {isa = PBXBuildFile; fileRef = 68709A1020988E28009F2DCB /* ViewController.swift */; };
		68709A1420988E28009F2DCB /* Main.storyboard in Resources */ = {isa = PBXBuildFile; fileRef = 68709A1220988E28009F2DCB /* Main.storyboard */; };
		68709A1720988E28009F2DCB /* test.xcdatamodeld in Sources */ = {isa = PBXBuildFile; fileRef = 68709A1520988E28009F2DCB /* test.xcdatamodeld */; };
		68709A1920988E28009F2DCB /* Assets.xcassets in Resources */ = {isa = PBXBuildFile; fileRef = 68709A1820988E28009F2DCB /* Assets.xcassets */; };
		68709A1C20988E28009F2DCB /* LaunchScreen.storyboard in Resources */ = {isa = PBXBuildFile; fileRef = 68709A1A20988E28009F2DCB /* LaunchScreen.storyboard */; };
		68709A2720988E28009F2DCB /* testTests.swift in Sources */ = {isa = PBXBuildFile; fileRef = 68709A2620988E28009F2DCB /* testTests.swift */; };
		68709A3220988E28009F2DCB /* testUITests.swift in Sources */ = {isa = PBXBuildFile; fileRef = 68709A3120988E28009F2DCB /* testUITests.swift */; };
/* End PBXBuildFile section */

/* Begin PBXContainerItemProxy section */
		68709A2320988E28009F2DCB /* PBXContainerItemProxy */ = {
			isa = PBXContainerItemProxy;
			containerPortal = 68709A0320988E28009F2DCB /* Project object */;
			proxyType = 1;
			remoteGlobalIDString = 68709A0A20988E28009F2DCB;
			remoteInfo = test;
		};
		68709A2E20988E28009F2DCB /* PBXContainerItemProxy */ = {
			isa = PBXContainerItemProxy;
			containerPortal = 68709A0320988E28009F2DCB /* Project object */;
			proxyType = 1;
			remoteGlobalIDString = 68709A0A20988E28009F2DCB;
			remoteInfo = test;
		};
/* End PBXContainerItemProxy section */

/* Begin PBXFileReference section */
		68709A0B20988E28009F2DCB /* test.app */ = {isa = PBXFileReference; explicitFileType = wrapper.application; includeInIndex = 0; path = test.app; sourceTree = BUILT_PRODUCTS_DIR; };
		68709A0E20988E28009F2DCB /* AppDelegate.swift */ = {isa = PBXFileReference; lastKnownFileType = sourcecode.swift; path = AppDelegate.swift; sourceTree = "<group>"; };
		68709A1020988E28009F2DCB /* ViewController.swift */ = {isa = PBXFileReference; lastKnownFileType = sourcecode.swift; path = ViewController.swift; sourceTree = "<group>"; };
		68709A1320988E28009F2DCB /* Base */ = {isa = PBXFileReference; lastKnownFileType = file.storyboard; name = Base; path = Base.lproj/Main.storyboard; sourceTree = "<group>"; };
		68709A1620988E28009F2DCB /* test.xcdatamodel */ = {isa = PBXFileReference; lastKnownFileType = wrapper.xcdatamodel; path = test.xcdatamodel; sourceTree = "<group>"; };
		68709A1820988E28009F2DCB /* Assets.xcassets */ = {isa = PBXFileReference; lastKnownFileType = folder.assetcatalog; path = Assets.xcassets; sourceTree = "<group>"; };
		68709A1B20988E28009F2DCB /* Base */ = {isa = PBXFileReference; lastKnownFileType = file.storyboard; name = Base; path = Base.lproj/LaunchScreen.storyboard; sourceTree = "<group>"; };
		68709A1D20988E28009F2DCB /* Info.plist */ = {isa = PBXFileReference; lastKnownFileType = text.plist.xml; path = Info.plist; sourceTree = "<group>"; };
		68709A2220988E28009F2DCB /* testTests.xctest */ = {isa = PBXFileReference; explicitFileType = wrapper.cfbundle; includeInIndex = 0; path = testTests.xctest; sourceTree = BUILT_PRODUCTS_DIR; };
		68709A2620988E28009F2DCB /* testTests.swift */ = {isa = PBXFileReference; lastKnownFileType = sourcecode.swift; path = testTests.swift; sourceTree = "<group>"; };
		68709A2820988E28009F2DCB /* Info.plist */ = {isa = PBXFileReference; lastKnownFileType = text.plist.xml; path = Info.plist; sourceTree = "<group>"; };
		68709A2D20988E28009F2DCB /* testUITests.xctest */ = {isa = PBXFileReference; explicitFileType = wrapper.cfbundle; includeInIndex = 0; path = testUITests.xctest; sourceTree = BUILT_PRODUCTS_DIR; };
		68709A3120988E28009F2DCB /* testUITests.swift */ = {isa = PBXFileReference; lastKnownFileType = sourcecode.swift; path = testUITests.swift; sourceTree = "<group>"; };
		68709A3320988E28009F2DCB /* Info.plist */ = {isa = PBXFileReference; lastKnownFileType = text.plist.xml; path = Info.plist; sourceTree = "<group>"; };
/* End PBXFileReference section */

/* Begin PBXFrameworksBuildPhase section */
		68709A0820988E28009F2DCB /* Frameworks */ = {
			isa = PBXFrameworksBuildPhase;
			buildActionMask = 2147483647;
			files = (
			);
			runOnlyForDeploymentPostprocessing = 0;
		};
		68709A1F20988E28009F2DCB /* Frameworks */ = {
			isa = PBXFrameworksBuildPhase;
			buildActionMask = 2147483647;
			files = (
			);
			runOnlyForDeploymentPostprocessing = 0;
		};
		68709A2A20988E28009F2DCB /* Frameworks */ = {
			isa = PBXFrameworksBuildPhase;
			buildActionMask = 2147483647;
			files = (
			);
			runOnlyForDeploymentPostprocessing = 0;
		};
/* End PBXFrameworksBuildPhase section */

/* Begin PBXGroup section */
		68709A0220988E28009F2DCB = {
			isa = PBXGroup;
			children = (
				68709A0D20988E28009F2DCB /* test */,
				68709A2520988E28009F2DCB /* testTests */,
				68709A3020988E28009F2DCB /* testUITests */,
				68709A0C20988E28009F2DCB /* Products */,
			);
			sourceTree = "<group>";
		};
		68709A0C20988E28009F2DCB /* Products */ = {
			isa = PBXGroup;
			children = (
				68709A0B20988E28009F2DCB /* test.app */,
				68709A2220988E28009F2DCB /* testTests.xctest */,
				68709A2D20988E28009F2DCB /* testUITests.xctest */,
			);
			name = Products;
			sourceTree = "<group>";
		};
		68709A0D20988E28009F2DCB /* test */ = {
			isa = PBXGroup;
			children = (
				68709A0E20988E28009F2DCB /* AppDelegate.swift */,
				68709A1020988E28009F2DCB /* ViewController.swift */,
				68709A1220988E28009F2DCB /* Main.storyboard */,
				68709A1820988E28009F2DCB /* Assets.xcassets */,
				68709A1A20988E28009F2DCB /* LaunchScreen.storyboard */,
				68709A1D20988E28009F2DCB /* Info.plist */,
				68709A1520988E28009F2DCB /* test.xcdatamodeld */,
			);
			path = test;
			sourceTree = "<group>";
		};
		68709A2520988E28009F2DCB /* testTests */ = {
			isa = PBXGroup;
			children = (
				68709A2620988E28009F2DCB /* testTests.swift */,
				68709A2820988E28009F2DCB /* Info.plist */,
			);
			path = testTests;
			sourceTree = "<group>";
		};
		68709A3020988E28009F2DCB /* testUITests */ = {
			isa = PBXGroup;
			children = (
				68709A3120988E28009F2DCB /* testUITests.swift */,
				68709A3320988E28009F2DCB /* Info.plist */,
			);
			path = testUITests;
			sourceTree = "<group>";
		};
/* End PBXGroup section */

/* Begin PBXNativeTarget section */
		68709A0A20988E28009F2DCB /* test */ = {
			isa = PBXNativeTarget;
			buildConfigurationList = 68709A3620988E28009F2DCB /* Build configuration list for PBXNativeTarget "test" */;
			buildPhases = (
				68709A0720988E28009F2DCB /* Sources */,
				68709A0820988E28009F2DCB /* Frameworks */,
				68709A0920988E28009F2DCB /* Resources */,
			);
			buildRules = (
			);
			dependencies = (
			);
			name = test;
			productName = test;
			productReference = 68709A0B20988E28009F2DCB /* test.app */;
			productType = "com.apple.product-type.application";
		};
		68709A2120988E28009F2DCB /* testTests */ = {
			isa = PBXNativeTarget;
			buildConfigurationList = 68709A3920988E28009F2DCB /* Build configuration list for PBXNativeTarget "testTests" */;
			buildPhases = (
				68709A1E20988E28009F2DCB /* Sources */,
				68709A1F20988E28009F2DCB /* Frameworks */,
				68709A2020988E28009F2DCB /* Resources */,
			);
			buildRules = (
			);
			dependencies = (
				68709A2420988E28009F2DCB /* PBXTargetDependency */,
			);
			name = testTests;
			productName = testTests;
			productReference = 68709A2220988E28009F2DCB /* testTests.xctest */;
			productType = "com.apple.product-type.bundle.unit-test";
		};
		68709A2C20988E28009F2DCB /* testUITests */ = {
			isa = PBXNativeTarget;
			buildConfigurationList = 68709A3C20988E28009F2DCB /* Build configuration list for PBXNativeTarget "testUITests" */;
			buildPhases = (
				68709A2920988E28009F2DCB /* Sources */,
				68709A2A20988E28009F2DCB /* Frameworks */,
				68709A2B20988E28009F2DCB /* Resources */,
			);
			buildRules = (
			);
			dependencies = (
				68709A2F20988E28009F2DCB /* PBXTargetDependency */,
			);
			name = testUITests;
			productName = testUITests;
			productReference = 68709A2D20988E28009F2DCB /* testUITests.xctest */;
			productType = "com.apple.product-type.bundle.ui-testing";
		};
/* End PBXNativeTarget section */

/* Begin PBXProject section */
		68709A0320988E28009F2DCB /* Project object */ = {
			isa = PBXProject;
			attributes = {
				LastSwiftUpdateCheck = 0920;
				LastUpgradeCheck = 0920;
				ORGANIZATIONNAME = MyCompany;
				TargetAttributes = {
					68709A0A20988E28009F2DCB = {
						CreatedOnToolsVersion = 9.2;
						ProvisioningStyle = Automatic;
					};
					68709A2120988E28009F2DCB = {
						CreatedOnToolsVersion = 9.2;
						ProvisioningStyle = Automatic;
						TestTargetID = 68709A0A20988E28009F2DCB;
					};
					68709A2C20988E28009F2DCB = {
						CreatedOnToolsVersion = 9.2;
						ProvisioningStyle = Automatic;
						TestTargetID = 68709A0A20988E28009F2DCB;
					};
				};
			};
			buildConfigurationList = 68709A0620988E28009F2DCB /* Build configuration list for PBXProject "test" */;
			compatibilityVersion = "Xcode 8.0";
			developmentRegion = en;
			hasScannedForEncodings = 0;
			knownRegions = (
				en,
				Base,
			);
			mainGroup = 68709A0220988E28009F2DCB;
			productRefGroup = 68709A0C20988E28009F2DCB /* Products */;
			projectDirPath = "";
			projectRoot = "";
			targets = (
				68709A0A20988E28009F2DCB /* test */,
				68709A2120988E28009F2DCB /* testTests */,
				68709A2C20988E28009F2DCB /* testUITests */,
			);
		};
/* End PBXProject section */

/* Begin PBXResourcesBuildPhase section */
		68709A0920988E28009F2DCB /* Resources */ = {
			isa = PBXResourcesBuildPhase;
			buildActionMask = 2147483647;
			files = (
				68709A1C20988E28009F2DCB /* LaunchScreen.storyboard in Resources */,
				68709A1920988E28009F2DCB /* Assets.xcassets in Resources */,
				68709A1420988E28009F2DCB /* Main.storyboard in Resources */,
			);
			runOnlyForDeploymentPostprocessing = 0;
		};
		68709A2020988E28009F2DCB /* Resources */ = {
			isa = PBXResourcesBuildPhase;
			buildActionMask = 2147483647;
			files = (
			);
			runOnlyForDeploymentPostprocessing = 0;
		};
		68709A2B20988E28009F2DCB /* Resources */ = {
			isa = PBXResourcesBuildPhase;
			buildActionMask = 2147483647;
			files = (
			);
			runOnlyForDeploymentPostprocessing = 0;
		};
/* End PBXResourcesBuildPhase section */

/* Begin PBXSourcesBuildPhase section */
		68709A0720988E28009F2DCB /* Sources */ = {
			isa = PBXSourcesBuildPhase;
			buildActionMask = 2147483647;
			files = (
				68709A1120988E28009F2DCB /* ViewController.swift in Sources */,
				68709A0F20988E28009F2DCB /* AppDelegate.swift in Sources */,
				68709A1720988E28009F2DCB /* test.xcdatamodeld in Sources */,
			);
			runOnlyForDeploymentPostprocessing = 0;
		};
		68709A1E20988E28009F2DCB /* Sources */ = {
			isa = PBXSourcesBuildPhase;
			buildActionMask = 2147483647;
			files = (
				68709A2720988E28009F2DCB /* testTests.swift in Sources */,
			);
			runOnlyForDeploymentPostprocessing = 0;
		};
		68709A2920988E28009F2DCB /* Sources */ = {
			isa = PBXSourcesBuildPhase;
			buildActionMask = 2147483647;
			files = (
				68709A3220988E28009F2DCB /* testUITests.swift in Sources */,
			);
			runOnlyForDeploymentPostprocessing = 0;
		};
/* End PBXSourcesBuildPhase section */

/* Begin PBXTargetDependency section */
		68709A2420988E28009F2DCB /* PBXTargetDependency */ = {
			isa = PBXTargetDependency;
			target = 68709A0A20988E28009F2DCB /* test */;
			targetProxy = 68709A2320988E28009F2DCB /* PBXContainerItemProxy */;
		};
		68709A2F20988E28009F2DCB /* PBXTargetDependency */ = {
			isa = PBXTargetDependency;
			target = 68709A0A20988E28009F2DCB /* test */;
			targetProxy = 68709A2E20988E28009F2DCB /* PBXContainerItemProxy */;
		};
/* End PBXTargetDependency section */

/* Begin PBXVariantGroup section */
		68709A1220988E28009F2DCB /* Main.storyboard */ = {
			isa = PBXVariantGroup;
			children = (
				68709A1320988E28009F2DCB /* Base */,
			);
			name = Main.storyboard;
			sourceTree = "<group>";
		};
		68709A1A20988E28009F2DCB /* LaunchScreen.storyboard */ = {
			isa = PBXVariantGroup;
			children = (
				68709A1B20988E28009F2DCB /* Base */,
			);
			name = LaunchScreen.storyboard;
			sourceTree = "<group>";
		};
/* End PBXVariantGroup section */

/* Begin XCBuildConfiguration section */
		68709A3420988E28009F2DCB /* Debug */ = {
			isa = XCBuildConfiguration;
			buildSettings = {
				ALWAYS_SEARCH_USER_PATHS = NO;
				CLANG_ANALYZER_NONNULL = YES;
				CLANG_ANALYZER_NUMBER_OBJECT_CONVERSION = YES_AGGRESSIVE;
				CLANG_CXX_LANGUAGE_STANDARD = "gnu++14";
				CLANG_CXX_LIBRARY = "libc++";
				CLANG_ENABLE_MODULES = YES;
				CLANG_ENABLE_OBJC_ARC = YES;
				CLANG_WARN_BLOCK_CAPTURE_AUTORELEASING = YES;
				CLANG_WARN_BOOL_CONVERSION = YES;
				CLANG_WARN_COMMA = YES;
				CLANG_WARN_CONSTANT_CONVERSION = YES;
				CLANG_WARN_DIRECT_OBJC_ISA_USAGE = YES_ERROR;
				CLANG_WARN_DOCUMENTATION_COMMENTS = YES;
				CLANG_WARN_EMPTY_BODY = YES;
				CLANG_WARN_ENUM_CONVERSION = YES;
				CLANG_WARN_INFINITE_RECURSION = YES;
				CLANG_WARN_INT_CONVERSION = YES;
				CLANG_WARN_NON_LITERAL_NULL_CONVERSION = YES;
				CLANG_WARN_OBJC_LITERAL_CONVERSION = YES;
				CLANG_WARN_OBJC_ROOT_CLASS = YES_ERROR;
				CLANG_WARN_RANGE_LOOP_ANALYSIS = YES;
				CLANG_WARN_STRICT_PROTOTYPES = YES;
				CLANG_WARN_SUSPICIOUS_MOVE = YES;
				CLANG_WARN_UNGUARDED_AVAILABILITY = YES_AGGRESSIVE;
				CLANG_WARN_UNREACHABLE_CODE = YES;
				CLANG_WARN__DUPLICATE_METHOD_MATCH = YES;
				CODE_SIGN_IDENTITY = "iPhone Developer";
				COPY_PHASE_STRIP = NO;
				DEBUG_INFORMATION_FORMAT = dwarf;
				ENABLE_STRICT_OBJC_MSGSEND = YES;
				ENABLE_TESTABILITY = YES;
				GCC_C_LANGUAGE_STANDARD = gnu11;
				GCC_DYNAMIC_NO_PIC = NO;
				GCC_NO_COMMON_BLOCKS = YES;
				GCC_OPTIMIZATION_LEVEL = 0;
				GCC_PREPROCESSOR_DEFINITIONS = (
					"DEBUG=1",
					"$(inherited)",
				);
				GCC_WARN_64_TO_32_BIT_CONVERSION = YES;
				GCC_WARN_ABOUT_RETURN_TYPE = YES_ERROR;
				GCC_WARN_UNDECLARED_SELECTOR = YES;
				GCC_WARN_UNINITIALIZED_AUTOS = YES_AGGRESSIVE;
				GCC_WARN_UNUSED_FUNCTION = YES;
				GCC_WARN_UNUSED_VARIABLE = YES;
				IPHONEOS_DEPLOYMENT_TARGET = 11.2;
				MTL_ENABLE_DEBUG_INFO = YES;
				ONLY_ACTIVE_ARCH = YES;
				SDKROOT = iphoneos;
				SWIFT_ACTIVE_COMPILATION_CONDITIONS = DEBUG;
				SWIFT_OPTIMIZATION_LEVEL = "-Onone";
			};
			name = Debug;
		};
		68709A3520988E28009F2DCB /* Release */ = {
			isa = XCBuildConfiguration;
			buildSettings = {
				ALWAYS_SEARCH_USER_PATHS = NO;
				CLANG_ANALYZER_NONNULL = YES;
				CLANG_ANALYZER_NUMBER_OBJECT_CONVERSION = YES_AGGRESSIVE;
				CLANG_CXX_LANGUAGE_STANDARD = "gnu++14";
				CLANG_CXX_LIBRARY = "libc++";
				CLANG_ENABLE_MODULES = YES;
				CLANG_ENABLE_OBJC_ARC = YES;
				CLANG_WARN_BLOCK_CAPTURE_AUTORELEASING = YES;
				CLANG_WARN_BOOL_CONVERSION = YES;
				CLANG_WARN_COMMA = YES;
				CLANG_WARN_CONSTANT_CONVERSION = YES;
				CLANG_WARN_DIRECT_OBJC_ISA_USAGE = YES_ERROR;
				CLANG_WARN_DOCUMENTATION_COMMENTS = YES;
				CLANG_WARN_EMPTY_BODY = YES;
				CLANG_WARN_ENUM_CONVERSION = YES;
				CLANG_WARN_INFINITE_RECURSION = YES;
				CLANG_WARN_INT_CONVERSION = YES;
				CLANG_WARN_NON_LITERAL_NULL_CONVERSION = YES;
				CLANG_WARN_OBJC_LITERAL_CONVERSION = YES;
				CLANG_WARN_OBJC_ROOT_CLASS = YES_ERROR;
				CLANG_WARN_RANGE_LOOP_ANALYSIS = YES;
				CLANG_WARN_STRICT_PROTOTYPES = YES;
				CLANG_WARN_SUSPICIOUS_MOVE = YES;
				CLANG_WARN_UNGUARDED_AVAILABILITY = YES_AGGRESSIVE;
				CLANG_WARN_UNREACHABLE_CODE = YES;
				CLANG_WARN__DUPLICATE_METHOD_MATCH = YES;
				CODE_SIGN_IDENTITY = "iPhone Developer";
				COPY_PHASE_STRIP = NO;
				DEBUG_INFORMATION_FORMAT = "dwarf-with-dsym";
				ENABLE_NS_ASSERTIONS = NO;
				ENABLE_STRICT_OBJC_MSGSEND = YES;
				GCC_C_LANGUAGE_STANDARD = gnu11;
				GCC_NO_COMMON_BLOCKS = YES;
				GCC_WARN_64_TO_32_BIT_CONVERSION = YES;
				GCC_WARN_ABOUT_RETURN_TYPE = YES_ERROR;
				GCC_WARN_UNDECLARED_SELECTOR = YES;
				GCC_WARN_UNINITIALIZED_AUTOS = YES_AGGRESSIVE;
				GCC_WARN_UNUSED_FUNCTION = YES;
				GCC_WARN_UNUSED_VARIABLE = YES;
				IPHONEOS_DEPLOYMENT_TARGET = 11.2;
				MTL_ENABLE_DEBUG_INFO = NO;
				SDKROOT = iphoneos;
				SWIFT_OPTIMIZATION_LEVEL = "-Owholemodule";
				VALIDATE_PRODUCT = YES;
			};
			name = Release;
		};
		68709A3720988E28009F2DCB /* Debug */ = {
			isa = XCBuildConfiguration;
			buildSettings = {
				ASSETCATALOG_COMPILER_APPICON_NAME = AppIcon;
				CODE_SIGN_STYLE = Automatic;
				INFOPLIST_FILE = test/Info.plist;
				LD_RUNPATH_SEARCH_PATHS = "$(inherited) @executable_path/Frameworks";
				PRODUCT_BUNDLE_IDENTIFIER = com.mycompany.myapp.test;
				PRODUCT_NAME = "$(TARGET_NAME)";
				SWIFT_VERSION = 4.0;
				TARGETED_DEVICE_FAMILY = "1,2";
			};
			name = Debug;
		};
		68709A3820988E28009F2DCB /* Release */ = {
			isa = XCBuildConfiguration;
			buildSettings = {
				ASSETCATALOG_COMPILER_APPICON_NAME = AppIcon;
				CODE_SIGN_STYLE = Automatic;
				INFOPLIST_FILE = test/Info.plist;
				LD_RUNPATH_SEARCH_PATHS = "$(inherited) @executable_path/Frameworks";
				PRODUCT_BUNDLE_IDENTIFIER = com.mycompany.myapp.test;
				PRODUCT_NAME = "$(TARGET_NAME)";
				SWIFT_VERSION = 4.0;
				TARGETED_DEVICE_FAMILY = "1,2";
			};
			name = Release;
		};
		68709A3A20988E28009F2DCB /* Debug */ = {
			isa = XCBuildConfiguration;
			buildSettings = {
				ALWAYS_EMBED_SWIFT_STANDARD_LIBRARIES = YES;
				BUNDLE_LOADER = "$(TEST_HOST)";
				CODE_SIGN_STYLE = Automatic;
				INFOPLIST_FILE = testTests/Info.plist;
				LD_RUNPATH_SEARCH_PATHS = "$(inherited) @executable_path/Frameworks @loader_path/Frameworks";
				PRODUCT_BUNDLE_IDENTIFIER = com.mycompany.myapp.testTests;
				PRODUCT_NAME = "$(TARGET_NAME)";
				SWIFT_VERSION = 4.0;
				TARGETED_DEVICE_FAMILY = "1,2";
				TEST_HOST = "$(BUILT_PRODUCTS_DIR)/test.app/test";
			};
			name = Debug;
		};
		68709A3B20988E28009F2DCB /* Release */ = {
			isa = XCBuildConfiguration;
			buildSettings = {
				ALWAYS_EMBED_SWIFT_STANDARD_LIBRARIES = YES;
				BUNDLE_LOADER = "$(TEST_HOST)";
				CODE_SIGN_STYLE = Automatic;
				INFOPLIST_FILE = testTests/Info.plist;
				LD_RUNPATH_SEARCH_PATHS = "$(inherited) @executable_path/Frameworks @loader_path/Frameworks";
				PRODUCT_BUNDLE_IDENTIFIER = com.mycompany.myapp.testTests;
				PRODUCT_NAME = "$(TARGET_NAME)";
				SWIFT_VERSION = 4.0;
				TARGETED_DEVICE_FAMILY = "1,2";
				TEST_HOST = "$(BUILT_PRODUCTS_DIR)/test.app/test";
			};
			name = Release;
		};
		68709A3D20988E28009F2DCB /* Debug */ = {
			isa = XCBuildConfiguration;
			buildSettings = {
				ALWAYS_EMBED_SWIFT_STANDARD_LIBRARIES = YES;
				CODE_SIGN_STYLE = Automatic;
				INFOPLIST_FILE = testUITests/Info.plist;
				LD_RUNPATH_SEARCH_PATHS = "$(inherited) @executable_path/Frameworks @loader_path/Frameworks";
				PRODUCT_BUNDLE_IDENTIFIER = com.mycompany.myapp.testUITests;
				PRODUCT_NAME = "$(TARGET_NAME)";
				SWIFT_VERSION = 4.0;
				TARGETED_DEVICE_FAMILY = "1,2";
				TEST_TARGET_NAME = test;
			};
			name = Debug;
		};
		68709A3E20988E28009F2DCB /* Release */ = {
			isa = XCBuildConfiguration;
			buildSettings = {
				ALWAYS_EMBED_SWIFT_STANDARD_LIBRARIES = YES;
				CODE_SIGN_STYLE = Automatic;
				INFOPLIST_FILE = testUITests/Info.plist;
				LD_RUNPATH_SEARCH_PATHS = "$(inherited) @executable_path/Frameworks @loader_path/Frameworks";
				PRODUCT_BUNDLE_IDENTIFIER = com.mycompany.myapp.testUITests;
				PRODUCT_NAME = "$(TARGET_NAME)";
				SWIFT_VERSION = 4.0;
				TARGETED_DEVICE_FAMILY = "1,2";
				TEST_TARGET_NAME = test;
			};
			name = Release;
		};
/* End XCBuildConfiguration section */

/* Begin XCConfigurationList section */
		68709A0620988E28009F2DCB /* Build configuration list for PBXProject "test" */ = {
			isa = XCConfigurationList;
			buildConfigurations = (
				68709A3420988E28009F2DCB /* Debug */,
				68709A3520988E28009F2DCB /* Release */,
			);
			defaultConfigurationIsVisible = 0;
			defaultConfigurationName = Release;
		};
		68709A3620988E28009F2DCB /* Build configuration list for PBXNativeTarget "test" */ = {
			isa = XCConfigurationList;
			buildConfigurations = (
				68709A3720988E28009F2DCB /* Debug */,
				68709A3820988E28009F2DCB /* Release */,
			);
			defaultConfigurationIsVisible = 0;
			defaultConfigurationName = Release;
		};
		68709A3920988E28009F2DCB /* Build configuration list for PBXNativeTarget "testTests" */ = {
			isa = XCConfigurationList;
			buildConfigurations = (
				68709A3A20988E28009F2DCB /* Debug */,
				68709A3B20988E28009F2DCB /* Release */,
			);
			defaultConfigurationIsVisible = 0;
			defaultConfigurationName = Release;
		};
		68709A3C20988E28009F2DCB /* Build configuration list for PBXNativeTarget "testUITests" */ = {
			isa = XCConfigurationList;
			buildConfigurations = (
				68709A3D20988E28009F2DCB /* Debug */,
				68709A3E20988E28009F2DCB /* Release */,
			);
			defaultConfigurationIsVisible = 0;
			defaultConfigurationName = Release;
		};
/* End XCConfigurationList section */

/* Begin XCVersionGroup section */
		68709A1520988E28009F2DCB /* test.xcdatamodeld */ = {
			isa = XCVersionGroup;
			children = (
				68709A1620988E28009F2DCB /* test.xcdatamodel */,
			);
			currentVersion = 68709A1620988E28009F2DCB /* test.xcdatamodel */;
			path = test.xcdatamodeld;
			sourceTree = "<group>";
			versionGroupType = wrapper.xcdatamodel;
		};
/* End XCVersionGroup section */
	};
	rootObject = 68709A0320988E28009F2DCB /* Project object */;
}
